
Microsoft Visual Studio Solution File, Format Version 12.00
# Visual Studio Version 17
VisualStudioVersion = 17.14.36414.22 d17.14
MinimumVisualStudioVersion = 10.0.40219.1
Project("{FAE04EC0-301F-11D3-BF4B-00C04F79EFBC}") = "Hell0_Web", "Hell0_Web\Hell0_Web.csproj", "{7F507A16-C3A8-4701-8EB9-7C501B9ACA16}"
EndProject
Project("{2150E333-8FDC-42A3-9474-1A3956D46DE8}") = "Solution Items", "Solution Items", "{8EC462FD-D22E-90A8-E5CE-7E832BA40C5D}"
	ProjectSection(SolutionItems) = preProject
		.gitignore = .gitignore
		LICENSE = LICENSE
		README.md = README.md
	EndProjectSection
EndProject
Project("{FAE04EC0-301F-11D3-BF4B-00C04F79EFBC}") = "Hell0_Web.Tests", "Hell0_Web.Tests\Hell0_Web.Tests.csproj", "{52F8D504-6895-4573-9F9A-E39E37522A18}"
EndProject
Global
	GlobalSection(SolutionConfigurationPlatforms) = preSolution
		Debug|Any CPU = Debug|Any CPU
		Release|Any CPU = Release|Any CPU
	EndGlobalSection
	GlobalSection(ProjectConfigurationPlatforms) = postSolution
		{7F507A16-C3A8-4701-8EB9-7C501B9ACA16}.Debug|Any CPU.ActiveCfg = Debug|Any CPU
		{7F507A16-C3A8-4701-8EB9-7C501B9ACA16}.Debug|Any CPU.Build.0 = Debug|Any CPU
		{7F507A16-C3A8-4701-8EB9-7C501B9ACA16}.Release|Any CPU.ActiveCfg = Release|Any CPU
		{7F507A16-C3A8-4701-8EB9-7C501B9ACA16}.Release|Any CPU.Build.0 = Release|Any CPU
		{52F8D504-6895-4573-9F9A-E39E37522A18}.Debug|Any CPU.ActiveCfg = Debug|Any CPU
		{52F8D504-6895-4573-9F9A-E39E37522A18}.Debug|Any CPU.Build.0 = Debug|Any CPU
		{52F8D504-6895-4573-9F9A-E39E37522A18}.Release|Any CPU.ActiveCfg = Release|Any CPU
		{52F8D504-6895-4573-9F9A-E39E37522A18}.Release|Any CPU.Build.0 = Release|Any CPU
	EndGlobalSection
	GlobalSection(SolutionProperties) = preSolution
		HideSolutionNode = FALSE
	EndGlobalSection
	GlobalSection(ExtensibilityGlobals) = postSolution
		SolutionGuid = {66753D3A-89AD-49CB-B0FE-DBF4EBD3A435}
	EndGlobalSection
EndGlobal
